{
  "version": 4,
  "terraform_version": "1.9.3",
  "serial": 12,
  "lineage": "1f2f7b83-e0ef-e177-3ffe-005ccdbc92cb",
  "outputs": {
    "file_bar": {
      "value": {
        "content": "Hello DevOps!\n",
        "content_base64": "SGVsbG8gRGV2T3BzIQo=",
        "content_base64sha256": "S3BqGTFu+Pm1aKFpOk/Dern8jSUkDDCPsoAUveQ6nSQ=",
        "content_base64sha512": "d1/1zohtkWDGre8TVFhF9dDNAb/LqnIutwJf/RBlSe7gK1+vD9QfE9IH01E5MFlgyn1Qs/UVlTKOkqYKYxMbFw==",
        "content_md5": "279657640fe4b564e99a2f49655b0dcd",
        "content_sha1": "7397c8d706f70c34e3c27f634b6e7e437997992b",
        "content_sha256": "4b706a19316ef8f9b568a1693a4fc37ab9fc8d25240c308fb28014bde43a9d24",
        "content_sha512": "775ff5ce886d9160c6adef13545845f5d0cd01bfcbaa722eb7025ffd106549eee02b5faf0fd41f13d207d35139305960ca7d50b3f51595328e92a60a63131b17",
        "filename": "./bar.txt",
        "id": "7397c8d706f70c34e3c27f634b6e7e437997992b"
      },
      "type": [
        "object",
        {
          "content": "string",
          "content_base64": "string",
          "content_base64sha256": "string",
          "content_base64sha512": "string",
          "content_md5": "string",
          "content_sha1": "string",
          "content_sha256": "string",
          "content_sha512": "string",
          "filename": "string",
          "id": "string"
        }
      ]
    },
    "vpc_test": {
      "value": {
        "arn": "arn:aws:ec2:ap-northeast-2:966600044384:vpc/vpc-08be4ad0111f2e775",
        "assign_generated_ipv6_cidr_block": false,
        "cidr_block": "10.123.0.0/16",
        "default_network_acl_id": "acl-05754ceabcd27ed5a",
        "default_route_table_id": "rtb-02419591207c5b851",
        "default_security_group_id": "sg-04ef0dc643daa2f7a",
        "dhcp_options_id": "dopt-cf6917a4",
        "enable_dns_hostnames": false,
        "enable_dns_support": true,
        "enable_network_address_usage_metrics": false,
        "id": "vpc-08be4ad0111f2e775",
        "instance_tenancy": "default",
        "ipv4_ipam_pool_id": null,
        "ipv4_netmask_length": null,
        "ipv6_association_id": "",
        "ipv6_cidr_block": "",
        "ipv6_cidr_block_network_border_group": "",
        "ipv6_ipam_pool_id": "",
        "ipv6_netmask_length": 0,
        "main_route_table_id": "rtb-02419591207c5b851",
        "owner_id": "966600044384",
        "tags": {
          "Name": "This is test VPC"
        },
        "tags_all": {
          "Name": "This is test VPC"
        }
      },
      "type": [
        "object",
        {
          "arn": "string",
          "assign_generated_ipv6_cidr_block": "bool",
          "cidr_block": "string",
          "default_network_acl_id": "string",
          "default_route_table_id": "string",
          "default_security_group_id": "string",
          "dhcp_options_id": "string",
          "enable_dns_hostnames": "bool",
          "enable_dns_support": "bool",
          "enable_network_address_usage_metrics": "bool",
          "id": "string",
          "instance_tenancy": "string",
          "ipv4_ipam_pool_id": "string",
          "ipv4_netmask_length": "number",
          "ipv6_association_id": "string",
          "ipv6_cidr_block": "string",
          "ipv6_cidr_block_network_border_group": "string",
          "ipv6_ipam_pool_id": "string",
          "ipv6_netmask_length": "number",
          "main_route_table_id": "string",
          "owner_id": "string",
          "tags": [
            "map",
            "string"
          ],
          "tags_all": [
            "map",
            "string"
          ]
        }
      ]
    },
    "vpcs": {
      "value": {
        "filter": null,
        "id": "ap-northeast-2",
        "ids": [
          "vpc-66048e0d",
          "vpc-08be4ad0111f2e775"
        ],
        "tags": null,
        "timeouts": null
      },
      "type": [
        "object",
        {
          "filter": [
            "set",
            [
              "object",
              {
                "name": "string",
                "values": [
                  "set",
                  "string"
                ]
              }
            ]
          ],
          "id": "string",
          "ids": [
            "list",
            "string"
          ],
          "tags": [
            "map",
            "string"
          ],
          "timeouts": [
            "object",
            {
              "read": "string"
            }
          ]
        }
      ]
    }
  },
  "resources": [
    {
      "mode": "data",
      "type": "aws_vpcs",
      "name": "this",
      "provider": "provider[\"registry.terraform.io/hashicorp/aws\"]",
      "instances": [
        {
          "schema_version": 0,
          "attributes": {
            "filter": null,
            "id": "ap-northeast-2",
            "ids": [
              "vpc-66048e0d",
              "vpc-08be4ad0111f2e775"
            ],
            "tags": null,
            "timeouts": null
          },
          "sensitive_attributes": []
        }
      ]
    },
    {
      "mode": "data",
      "type": "local_file",
      "name": "bar",
      "provider": "provider[\"registry.terraform.io/hashicorp/local\"]",
      "instances": [
        {
          "schema_version": 0,
          "attributes": {
            "content": "Hello DevOps!\n",
            "content_base64": "SGVsbG8gRGV2T3BzIQo=",
            "content_base64sha256": "S3BqGTFu+Pm1aKFpOk/Dern8jSUkDDCPsoAUveQ6nSQ=",
            "content_base64sha512": "d1/1zohtkWDGre8TVFhF9dDNAb/LqnIutwJf/RBlSe7gK1+vD9QfE9IH01E5MFlgyn1Qs/UVlTKOkqYKYxMbFw==",
            "content_md5": "279657640fe4b564e99a2f49655b0dcd",
            "content_sha1": "7397c8d706f70c34e3c27f634b6e7e437997992b",
            "content_sha256": "4b706a19316ef8f9b568a1693a4fc37ab9fc8d25240c308fb28014bde43a9d24",
            "content_sha512": "775ff5ce886d9160c6adef13545845f5d0cd01bfcbaa722eb7025ffd106549eee02b5faf0fd41f13d207d35139305960ca7d50b3f51595328e92a60a63131b17",
            "filename": "./bar.txt",
            "id": "7397c8d706f70c34e3c27f634b6e7e437997992b"
          },
          "sensitive_attributes": []
        }
      ]
    },
    {
      "mode": "managed",
      "type": "aws_vpc",
      "name": "test",
      "provider": "provider[\"registry.terraform.io/hashicorp/aws\"]",
      "instances": [
        {
          "schema_version": 1,
          "attributes": {
            "arn": "arn:aws:ec2:ap-northeast-2:966600044384:vpc/vpc-08be4ad0111f2e775",
            "assign_generated_ipv6_cidr_block": false,
            "cidr_block": "10.123.0.0/16",
            "default_network_acl_id": "acl-05754ceabcd27ed5a",
            "default_route_table_id": "rtb-02419591207c5b851",
            "default_security_group_id": "sg-04ef0dc643daa2f7a",
            "dhcp_options_id": "dopt-cf6917a4",
            "enable_dns_hostnames": false,
            "enable_dns_support": true,
            "enable_network_address_usage_metrics": false,
            "id": "vpc-08be4ad0111f2e775",
            "instance_tenancy": "default",
            "ipv4_ipam_pool_id": null,
            "ipv4_netmask_length": null,
            "ipv6_association_id": "",
            "ipv6_cidr_block": "",
            "ipv6_cidr_block_network_border_group": "",
            "ipv6_ipam_pool_id": "",
            "ipv6_netmask_length": 0,
            "main_route_table_id": "rtb-02419591207c5b851",
            "owner_id": "966600044384",
            "tags": {
              "Name": "This is test VPC"
            },
            "tags_all": {
              "Name": "This is test VPC"
            }
          },
          "sensitive_attributes": [],
          "private": "eyJzY2hlbWFfdmVyc2lvbiI6IjEifQ=="
        }
      ]
    },
    {
      "mode": "managed",
      "type": "local_file",
      "name": "foo",
      "provider": "provider[\"registry.terraform.io/hashicorp/local\"]",
      "instances": [
        {
          "schema_version": 0,
          "attributes": {
            "content": "Hello World",
            "content_base64": null,
            "content_base64sha256": "pZGm1Av0IEBKARczz7exkNYsZb8LzaMrV7J32a2fFG4=",
            "content_base64sha512": "LHT9F+2v2A6ER7DUZ0HuJDt+t03SFJoKsbkkb7MDgvJ+hT2FhXGeDmfL2g2qj1FnEGRhXWRa4nrLFb+xRH9Fmw==",
            "content_md5": "b10a8db164e0754105b7a99be72e3fe5",
            "content_sha1": "0a4d55a8d778e5022fab701977c5d840bbc486d0",
            "content_sha256": "a591a6d40bf420404a011733cfb7b190d62c65bf0bcda32b57b277d9ad9f146e",
            "content_sha512": "2c74fd17edafd80e8447b0d46741ee243b7eb74dd2149a0ab1b9246fb30382f27e853d8585719e0e67cbda0daa8f51671064615d645ae27acb15bfb1447f459b",
            "directory_permission": "0777",
            "file_permission": "0777",
            "filename": "./foo.txt",
            "id": "0a4d55a8d778e5022fab701977c5d840bbc486d0",
            "sensitive_content": null,
            "source": null
          },
          "sensitive_attributes": [
            [
              {
                "type": "get_attr",
                "value": "sensitive_content"
              }
            ]
          ]
        }
      ]
    }
  ],
  "check_results": null
}
